
Microsoft Visual Studio Solution File, Format Version 12.00
# Visual Studio Version 17
VisualStudioVersion = 17.14.37411.7
MinimumVisualStudioVersion = 10.0.40219.1
Project("{888888A0-9F3D-457C-B088-3A5042F75D52}") = "sdlc-product-agent", "..\sdlc-product-agent\sdlc-product-agent.pyproj", "{E3685EAE-E3E8-4909-A7DC-080BB464E619}"
EndProject
Project("{888888A0-9F3D-457C-B088-3A5042F75D52}") = "sdlc-architecture-agent", "..\sdlc-architecture-agent\sdlc-architecture-agent.pyproj", "{2317B5C4-2D03-4245-87F6-90230D42DB11}"
EndProject
Project("{888888A0-9F3D-457C-B088-3A5042F75D52}") = "sdlc-developer-agent", "..\sdlc-developer-agent\sdlc-developer-agent.pyproj", "{8CE1555B-F3E8-4442-93E8-D0644D3169E7}"
EndProject
Project("{888888A0-9F3D-457C-B088-3A5042F75D52}") = "sdlc-test-agent", "..\sdlc-test-agent\sdlc-test-agent.pyproj", "{D609C234-CDCF-4E38-876F-B8614E3AD4BE}"
EndProject
Project("{888888A0-9F3D-457C-B088-3A5042F75D52}") = "sdlc-security-agent", "..\sdlc-security-agent\sdlc-security-agent.pyproj", "{48EDD625-41C9-4BAC-9A0F-E62855AA57BB}"
EndProject
Project("{888888A0-9F3D-457C-B088-3A5042F75D52}") = "sdlc-reviewer-agent", "..\sdlc-reviewer-agent\sdlc-reviewer-agent.pyproj", "{C03D5F02-68BA-44B7-A956-3B11D1EFFE88}"
EndProject
Project("{888888A0-9F3D-457C-B088-3A5042F75D52}") = "sdlc-release-agent", "..\sdlc-release-agent\sdlc-release-agent.pyproj", "{640A0CDD-6434-4C5D-87C5-318B4A00A29B}"
EndProject
Project("{888888A0-9F3D-457C-B088-3A5042F75D52}") = "sdlc-incident-agent", "..\sdlc-incident-agent\sdlc-incident-agent.pyproj", "{CA66602D-4180-467F-9545-597162FDA066}"
EndProject
Project("{888888A0-9F3D-457C-B088-3A5042F75D52}") = "agentic-sdlc-runtime", "..\agentic-sdlc-runtime\agentic-sdlc-runtime.pyproj", "{89A23D15-C087-4F47-B3D7-F90B91BBB9A6}"
EndProject
Project("{888888A0-9F3D-457C-B088-3A5042F75D52}") = "agentic-sdlc-demo-app", "..\agentic-sdlc-demo-app\agentic-sdlc-demo-app.pyproj", "{730E7A56-9C25-4AA0-8051-C62AD7C71A68}"
EndProject
Project("{FAE04EC0-301F-11D3-BF4B-00C04F79EFBC}") = "monorepo-sdlc", "monorepo-sdlc.csproj", "{8B9994FB-D96C-43EE-8059-60CFF6797EEE}"
EndProject
Global
	GlobalSection(SolutionConfigurationPlatforms) = preSolution
		Debug|Any CPU = Debug|Any CPU
		Debug|x64 = Debug|x64
		Debug|x86 = Debug|x86
		Release|Any CPU = Release|Any CPU
		Release|x64 = Release|x64
		Release|x86 = Release|x86
	EndGlobalSection
	GlobalSection(ProjectConfigurationPlatforms) = postSolution
		{E3685EAE-E3E8-4909-A7DC-080BB464E619}.Debug|Any CPU.ActiveCfg = Debug|Any CPU
		{E3685EAE-E3E8-4909-A7DC-080BB464E619}.Debug|x64.ActiveCfg = Debug|x64
		{E3685EAE-E3E8-4909-A7DC-080BB464E619}.Debug|x64.Build.0 = Debug|x64
		{E3685EAE-E3E8-4909-A7DC-080BB464E619}.Debug|x86.ActiveCfg = Debug|x86
		{E3685EAE-E3E8-4909-A7DC-080BB464E619}.Debug|x86.Build.0 = Debug|x86
		{E3685EAE-E3E8-4909-A7DC-080BB464E619}.Release|Any CPU.ActiveCfg = Release|Any CPU
		{E3685EAE-E3E8-4909-A7DC-080BB464E619}.Release|x64.ActiveCfg = Release|x64
		{E3685EAE-E3E8-4909-A7DC-080BB464E619}.Release|x64.Build.0 = Release|x64
		{E3685EAE-E3E8-4909-A7DC-080BB464E619}.Release|x86.ActiveCfg = Release|x86
		{E3685EAE-E3E8-4909-A7DC-080BB464E619}.Release|x86.Build.0 = Release|x86
		{2317B5C4-2D03-4245-87F6-90230D42DB11}.Debug|Any CPU.ActiveCfg = Debug|Any CPU
		{2317B5C4-2D03-4245-87F6-90230D42DB11}.Debug|x64.ActiveCfg = Debug|x64
		{2317B5C4-2D03-4245-87F6-90230D42DB11}.Debug|x64.Build.0 = Debug|x64
		{2317B5C4-2D03-4245-87F6-90230D42DB11}.Debug|x86.ActiveCfg = Debug|x86
		{2317B5C4-2D03-4245-87F6-90230D42DB11}.Debug|x86.Build.0 = Debug|x86
		{2317B5C4-2D03-4245-87F6-90230D42DB11}.Release|Any CPU.ActiveCfg = Release|Any CPU
		{2317B5C4-2D03-4245-87F6-90230D42DB11}.Release|x64.ActiveCfg = Release|x64
		{2317B5C4-2D03-4245-87F6-90230D42DB11}.Release|x64.Build.0 = Release|x64
		{2317B5C4-2D03-4245-87F6-90230D42DB11}.Release|x86.ActiveCfg = Release|x86
		{2317B5C4-2D03-4245-87F6-90230D42DB11}.Release|x86.Build.0 = Release|x86
		{8CE1555B-F3E8-4442-93E8-D0644D3169E7}.Debug|Any CPU.ActiveCfg = Debug|Any CPU
		{8CE1555B-F3E8-4442-93E8-D0644D3169E7}.Debug|x64.ActiveCfg = Debug|x64
		{8CE1555B-F3E8-4442-93E8-D0644D3169E7}.Debug|x64.Build.0 = Debug|x64
		{8CE1555B-F3E8-4442-93E8-D0644D3169E7}.Debug|x86.ActiveCfg = Debug|x86
		{8CE1555B-F3E8-4442-93E8-D0644D3169E7}.Debug|x86.Build.0 = Debug|x86
		{8CE1555B-F3E8-4442-93E8-D0644D3169E7}.Release|Any CPU.ActiveCfg = Release|Any CPU
		{8CE1555B-F3E8-4442-93E8-D0644D3169E7}.Release|x64.ActiveCfg = Release|x64
		{8CE1555B-F3E8-4442-93E8-D0644D3169E7}.Release|x64.Build.0 = Release|x64
		{8CE1555B-F3E8-4442-93E8-D0644D3169E7}.Release|x86.ActiveCfg = Release|x86
		{8CE1555B-F3E8-4442-93E8-D0644D3169E7}.Release|x86.Build.0 = Release|x86
		{D609C234-CDCF-4E38-876F-B8614E3AD4BE}.Debug|Any CPU.ActiveCfg = Debug|Any CPU
		{D609C234-CDCF-4E38-876F-B8614E3AD4BE}.Debug|x64.ActiveCfg = Debug|x64
		{D609C234-CDCF-4E38-876F-B8614E3AD4BE}.Debug|x64.Build.0 = Debug|x64
		{D609C234-CDCF-4E38-876F-B8614E3AD4BE}.Debug|x86.ActiveCfg = Debug|x86
		{D609C234-CDCF-4E38-876F-B8614E3AD4BE}.Debug|x86.Build.0 = Debug|x86
		{D609C234-CDCF-4E38-876F-B8614E3AD4BE}.Release|Any CPU.ActiveCfg = Release|Any CPU
		{D609C234-CDCF-4E38-876F-B8614E3AD4BE}.Release|x64.ActiveCfg = Release|x64
		{D609C234-CDCF-4E38-876F-B8614E3AD4BE}.Release|x64.Build.0 = Release|x64
		{D609C234-CDCF-4E38-876F-B8614E3AD4BE}.Release|x86.ActiveCfg = Release|x86
		{D609C234-CDCF-4E38-876F-B8614E3AD4BE}.Release|x86.Build.0 = Release|x86
		{48EDD625-41C9-4BAC-9A0F-E62855AA57BB}.Debug|Any CPU.ActiveCfg = Debug|Any CPU
		{48EDD625-41C9-4BAC-9A0F-E62855AA57BB}.Debug|x64.ActiveCfg = Debug|x64
		{48EDD625-41C9-4BAC-9A0F-E62855AA57BB}.Debug|x64.Build.0 = Debug|x64
		{48EDD625-41C9-4BAC-9A0F-E62855AA57BB}.Debug|x86.ActiveCfg = Debug|x86
		{48EDD625-41C9-4BAC-9A0F-E62855AA57BB}.Debug|x86.Build.0 = Debug|x86
		{48EDD625-41C9-4BAC-9A0F-E62855AA57BB}.Release|Any CPU.ActiveCfg = Release|Any CPU
		{48EDD625-41C9-4BAC-9A0F-E62855AA57BB}.Release|x64.ActiveCfg = Release|x64
		{48EDD625-41C9-4BAC-9A0F-E62855AA57BB}.Release|x64.Build.0 = Release|x64
		{48EDD625-41C9-4BAC-9A0F-E62855AA57BB}.Release|x86.ActiveCfg = Release|x86
		{48EDD625-41C9-4BAC-9A0F-E62855AA57BB}.Release|x86.Build.0 = Release|x86
		{C03D5F02-68BA-44B7-A956-3B11D1EFFE88}.Debug|Any CPU.ActiveCfg = Debug|Any CPU
		{C03D5F02-68BA-44B7-A956-3B11D1EFFE88}.Debug|x64.ActiveCfg = Debug|x64
		{C03D5F02-68BA-44B7-A956-3B11D1EFFE88}.Debug|x64.Build.0 = Debug|x64
		{C03D5F02-68BA-44B7-A956-3B11D1EFFE88}.Debug|x86.ActiveCfg = Debug|x86
		{C03D5F02-68BA-44B7-A956-3B11D1EFFE88}.Debug|x86.Build.0 = Debug|x86
		{C03D5F02-68BA-44B7-A956-3B11D1EFFE88}.Release|Any CPU.ActiveCfg = Release|Any CPU
		{C03D5F02-68BA-44B7-A956-3B11D1EFFE88}.Release|x64.ActiveCfg = Release|x64
		{C03D5F02-68BA-44B7-A956-3B11D1EFFE88}.Release|x64.Build.0 = Release|x64
		{C03D5F02-68BA-44B7-A956-3B11D1EFFE88}.Release|x86.ActiveCfg = Release|x86
		{C03D5F02-68BA-44B7-A956-3B11D1EFFE88}.Release|x86.Build.0 = Release|x86
		{640A0CDD-6434-4C5D-87C5-318B4A00A29B}.Debug|Any CPU.ActiveCfg = Debug|Any CPU
		{640A0CDD-6434-4C5D-87C5-318B4A00A29B}.Debug|x64.ActiveCfg = Debug|x64
		{640A0CDD-6434-4C5D-87C5-318B4A00A29B}.Debug|x64.Build.0 = Debug|x64
		{640A0CDD-6434-4C5D-87C5-318B4A00A29B}.Debug|x86.ActiveCfg = Debug|x86
		{640A0CDD-6434-4C5D-87C5-318B4A00A29B}.Debug|x86.Build.0 = Debug|x86
		{640A0CDD-6434-4C5D-87C5-318B4A00A29B}.Release|Any CPU.ActiveCfg = Release|Any CPU
		{640A0CDD-6434-4C5D-87C5-318B4A00A29B}.Release|x64.ActiveCfg = Release|x64
		{640A0CDD-6434-4C5D-87C5-318B4A00A29B}.Release|x64.Build.0 = Release|x64
		{640A0CDD-6434-4C5D-87C5-318B4A00A29B}.Release|x86.ActiveCfg = Release|x86
		{640A0CDD-6434-4C5D-87C5-318B4A00A29B}.Release|x86.Build.0 = Release|x86
		{CA66602D-4180-467F-9545-597162FDA066}.Debug|Any CPU.ActiveCfg = Debug|Any CPU
		{CA66602D-4180-467F-9545-597162FDA066}.Debug|x64.ActiveCfg = Debug|x64
		{CA66602D-4180-467F-9545-597162FDA066}.Debug|x64.Build.0 = Debug|x64
		{CA66602D-4180-467F-9545-597162FDA066}.Debug|x86.ActiveCfg = Debug|x86
		{CA66602D-4180-467F-9545-597162FDA066}.Debug|x86.Build.0 = Debug|x86
		{CA66602D-4180-467F-9545-597162FDA066}.Release|Any CPU.ActiveCfg = Release|Any CPU
		{CA66602D-4180-467F-9545-597162FDA066}.Release|x64.ActiveCfg = Release|x64
		{CA66602D-4180-467F-9545-597162FDA066}.Release|x64.Build.0 = Release|x64
		{CA66602D-4180-467F-9545-597162FDA066}.Release|x86.ActiveCfg = Release|x86
		{CA66602D-4180-467F-9545-597162FDA066}.Release|x86.Build.0 = Release|x86
		{89A23D15-C087-4F47-B3D7-F90B91BBB9A6}.Debug|Any CPU.ActiveCfg = Debug|Any CPU
		{89A23D15-C087-4F47-B3D7-F90B91BBB9A6}.Debug|x64.ActiveCfg = Debug|x64
		{89A23D15-C087-4F47-B3D7-F90B91BBB9A6}.Debug|x64.Build.0 = Debug|x64
		{89A23D15-C087-4F47-B3D7-F90B91BBB9A6}.Debug|x86.ActiveCfg = Debug|x86
		{89A23D15-C087-4F47-B3D7-F90B91BBB9A6}.Debug|x86.Build.0 = Debug|x86
		{89A23D15-C087-4F47-B3D7-F90B91BBB9A6}.Release|Any CPU.ActiveCfg = Release|Any CPU
		{89A23D15-C087-4F47-B3D7-F90B91BBB9A6}.Release|x64.ActiveCfg = Release|x64
		{89A23D15-C087-4F47-B3D7-F90B91BBB9A6}.Release|x64.Build.0 = Release|x64
		{89A23D15-C087-4F47-B3D7-F90B91BBB9A6}.Release|x86.ActiveCfg = Release|x86
		{89A23D15-C087-4F47-B3D7-F90B91BBB9A6}.Release|x86.Build.0 = Release|x86
		{730E7A56-9C25-4AA0-8051-C62AD7C71A68}.Debug|Any CPU.ActiveCfg = Debug|Any CPU
		{730E7A56-9C25-4AA0-8051-C62AD7C71A68}.Debug|x64.ActiveCfg = Debug|x64
		{730E7A56-9C25-4AA0-8051-C62AD7C71A68}.Debug|x64.Build.0 = Debug|x64
		{730E7A56-9C25-4AA0-8051-C62AD7C71A68}.Debug|x86.ActiveCfg = Debug|x86
		{730E7A56-9C25-4AA0-8051-C62AD7C71A68}.Debug|x86.Build.0 = Debug|x86
		{730E7A56-9C25-4AA0-8051-C62AD7C71A68}.Release|Any CPU.ActiveCfg = Release|Any CPU
		{730E7A56-9C25-4AA0-8051-C62AD7C71A68}.Release|x64.ActiveCfg = Release|x64
		{730E7A56-9C25-4AA0-8051-C62AD7C71A68}.Release|x64.Build.0 = Release|x64
		{730E7A56-9C25-4AA0-8051-C62AD7C71A68}.Release|x86.ActiveCfg = Release|x86
		{730E7A56-9C25-4AA0-8051-C62AD7C71A68}.Release|x86.Build.0 = Release|x86
		{8B9994FB-D96C-43EE-8059-60CFF6797EEE}.Debug|Any CPU.ActiveCfg = Debug|Any CPU
		{8B9994FB-D96C-43EE-8059-60CFF6797EEE}.Debug|Any CPU.Build.0 = Debug|Any CPU
		{8B9994FB-D96C-43EE-8059-60CFF6797EEE}.Debug|x64.ActiveCfg = Debug|Any CPU
		{8B9994FB-D96C-43EE-8059-60CFF6797EEE}.Debug|x64.Build.0 = Debug|Any CPU
		{8B9994FB-D96C-43EE-8059-60CFF6797EEE}.Debug|x86.ActiveCfg = Debug|Any CPU
		{8B9994FB-D96C-43EE-8059-60CFF6797EEE}.Debug|x86.Build.0 = Debug|Any CPU
		{8B9994FB-D96C-43EE-8059-60CFF6797EEE}.Release|Any CPU.ActiveCfg = Release|Any CPU
		{8B9994FB-D96C-43EE-8059-60CFF6797EEE}.Release|Any CPU.Build.0 = Release|Any CPU
		{8B9994FB-D96C-43EE-8059-60CFF6797EEE}.Release|x64.ActiveCfg = Release|Any CPU
		{8B9994FB-D96C-43EE-8059-60CFF6797EEE}.Release|x64.Build.0 = Release|Any CPU
		{8B9994FB-D96C-43EE-8059-60CFF6797EEE}.Release|x86.ActiveCfg = Release|Any CPU
		{8B9994FB-D96C-43EE-8059-60CFF6797EEE}.Release|x86.Build.0 = Release|Any CPU
	EndGlobalSection
	GlobalSection(SolutionProperties) = preSolution
		HideSolutionNode = FALSE
	EndGlobalSection
	GlobalSection(ExtensibilityGlobals) = postSolution
		SolutionGuid = {139EB799-A94F-4A82-9D36-38F66DF6B817}
	EndGlobalSection
EndGlobal
